
Microsoft Visual Studio Solution File, Format Version 12.00
# Visual Studio Version 17
VisualStudioVersion = 17.6.33723.286
MinimumVisualStudioVersion = 10.0.40219.1
Project("{2150E333-8FDC-42A3-9474-1A3956D46DE8}") = "src", "src", "{7F192BA4-4CA9-44CA-ADE0-6888822DF80E}"
EndProject
Project("{2150E333-8FDC-42A3-9474-1A3956D46DE8}") = "API", "API", "{42BC3421-B930-4B9D-9AD5-261A6A61A1E9}"
EndProject
Project("{2150E333-8FDC-42A3-9474-1A3956D46DE8}") = "Entity", "Entity", "{8CCE7538-6C29-46CA-A10F-9ADE5E666817}"
EndProject
Project("{2150E333-8FDC-42A3-9474-1A3956D46DE8}") = "Repositoty", "Repositoty", "{F7B9D39E-CDC8-44E0-A47B-50DEB9CA825B}"
EndProject
Project("{2150E333-8FDC-42A3-9474-1A3956D46DE8}") = "Service", "Service", "{14025D29-BE3F-4933-B84A-D4C6004B6924}"
EndProject
Project("{2150E333-8FDC-42A3-9474-1A3956D46DE8}") = "Common", "Common", "{C575568D-F1F6-4ABB-9135-BE22537E02A4}"
EndProject
Project("{9A19103F-16F7-4668-BE54-9A1E7A4F7556}") = "Demo.MicroService.Common", "Demo.MicroService.Common\Demo.MicroService.Common.csproj", "{72ED3FCB-F2FF-457A-8751-109B717F31DC}"
EndProject
Project("{FAE04EC0-301F-11D3-BF4B-00C04F79EFBC}") = "Demo.MicroService.Api", "Demo.MicroService.Api\Demo.MicroService.Api.csproj", "{1DF5DA81-4A5A-4304-805F-B53838148028}"
EndProject
Project("{9A19103F-16F7-4668-BE54-9A1E7A4F7556}") = "Demo.MicroService.Models", "Demo.MicroService.Models\Demo.MicroService.Models.csproj", "{2340D8E5-8966-4343-8672-E3AF1557401E}"
EndProject
Project("{9A19103F-16F7-4668-BE54-9A1E7A4F7556}") = "Demo.MicroService.Repository", "Demo.MicroService.Repository\Demo.MicroService.Repository.csproj", "{7E3B7B97-C066-45EA-9C85-69536C0E4D59}"
EndProject
Project("{9A19103F-16F7-4668-BE54-9A1E7A4F7556}") = "Demo.MicroService.IService", "Demo.MicroService.IService\Demo.MicroService.IService.csproj", "{1D821A5C-3810-4EE7-A31C-A41A7C9F3949}"
EndProject
Project("{9A19103F-16F7-4668-BE54-9A1E7A4F7556}") = "Demo.MicroService.Service", "Demo.MicroService.Service\Demo.MicroService.Service.csproj", "{FCC765E7-E114-4196-98F7-FF99AD402604}"
EndProject
Global
	GlobalSection(SolutionConfigurationPlatforms) = preSolution
		Debug|Any CPU = Debug|Any CPU
		Release|Any CPU = Release|Any CPU
	EndGlobalSection
	GlobalSection(ProjectConfigurationPlatforms) = postSolution
		{72ED3FCB-F2FF-457A-8751-109B717F31DC}.Debug|Any CPU.ActiveCfg = Debug|Any CPU
		{72ED3FCB-F2FF-457A-8751-109B717F31DC}.Debug|Any CPU.Build.0 = Debug|Any CPU
		{72ED3FCB-F2FF-457A-8751-109B717F31DC}.Release|Any CPU.ActiveCfg = Release|Any CPU
		{72ED3FCB-F2FF-457A-8751-109B717F31DC}.Release|Any CPU.Build.0 = Release|Any CPU
		{1DF5DA81-4A5A-4304-805F-B53838148028}.Debug|Any CPU.ActiveCfg = Debug|Any CPU
		{1DF5DA81-4A5A-4304-805F-B53838148028}.Debug|Any CPU.Build.0 = Debug|Any CPU
		{1DF5DA81-4A5A-4304-805F-B53838148028}.Release|Any CPU.ActiveCfg = Release|Any CPU
		{1DF5DA81-4A5A-4304-805F-B53838148028}.Release|Any CPU.Build.0 = Release|Any CPU
		{2340D8E5-8966-4343-8672-E3AF1557401E}.Debug|Any CPU.ActiveCfg = Debug|Any CPU
		{2340D8E5-8966-4343-8672-E3AF1557401E}.Debug|Any CPU.Build.0 = Debug|Any CPU
		{2340D8E5-8966-4343-8672-E3AF1557401E}.Release|Any CPU.ActiveCfg = Release|Any CPU
		{2340D8E5-8966-4343-8672-E3AF1557401E}.Release|Any CPU.Build.0 = Release|Any CPU
		{7E3B7B97-C066-45EA-9C85-69536C0E4D59}.Debug|Any CPU.ActiveCfg = Debug|Any CPU
		{7E3B7B97-C066-45EA-9C85-69536C0E4D59}.Debug|Any CPU.Build.0 = Debug|Any CPU
		{7E3B7B97-C066-45EA-9C85-69536C0E4D59}.Release|Any CPU.ActiveCfg = Release|Any CPU
		{7E3B7B97-C066-45EA-9C85-69536C0E4D59}.Release|Any CPU.Build.0 = Release|Any CPU
		{1D821A5C-3810-4EE7-A31C-A41A7C9F3949}.Debug|Any CPU.ActiveCfg = Debug|Any CPU
		{1D821A5C-3810-4EE7-A31C-A41A7C9F3949}.Debug|Any CPU.Build.0 = Debug|Any CPU
		{1D821A5C-3810-4EE7-A31C-A41A7C9F3949}.Release|Any CPU.ActiveCfg = Release|Any CPU
		{1D821A5C-3810-4EE7-A31C-A41A7C9F3949}.Release|Any CPU.Build.0 = Release|Any CPU
		{FCC765E7-E114-4196-98F7-FF99AD402604}.Debug|Any CPU.ActiveCfg = Debug|Any CPU
		{FCC765E7-E114-4196-98F7-FF99AD402604}.Debug|Any CPU.Build.0 = Debug|Any CPU
		{FCC765E7-E114-4196-98F7-FF99AD402604}.Release|Any CPU.ActiveCfg = Release|Any CPU
		{FCC765E7-E114-4196-98F7-FF99AD402604}.Release|Any CPU.Build.0 = Release|Any CPU
	EndGlobalSection
	GlobalSection(SolutionProperties) = preSolution
		HideSolutionNode = FALSE
	EndGlobalSection
	GlobalSection(NestedProjects) = preSolution
		{42BC3421-B930-4B9D-9AD5-261A6A61A1E9} = {7F192BA4-4CA9-44CA-ADE0-6888822DF80E}
		{8CCE7538-6C29-46CA-A10F-9ADE5E666817} = {7F192BA4-4CA9-44CA-ADE0-6888822DF80E}
		{F7B9D39E-CDC8-44E0-A47B-50DEB9CA825B} = {7F192BA4-4CA9-44CA-ADE0-6888822DF80E}
		{14025D29-BE3F-4933-B84A-D4C6004B6924} = {7F192BA4-4CA9-44CA-ADE0-6888822DF80E}
		{C575568D-F1F6-4ABB-9135-BE22537E02A4} = {7F192BA4-4CA9-44CA-ADE0-6888822DF80E}
		{72ED3FCB-F2FF-457A-8751-109B717F31DC} = {C575568D-F1F6-4ABB-9135-BE22537E02A4}
		{1DF5DA81-4A5A-4304-805F-B53838148028} = {42BC3421-B930-4B9D-9AD5-261A6A61A1E9}
		{2340D8E5-8966-4343-8672-E3AF1557401E} = {8CCE7538-6C29-46CA-A10F-9ADE5E666817}
		{7E3B7B97-C066-45EA-9C85-69536C0E4D59} = {F7B9D39E-CDC8-44E0-A47B-50DEB9CA825B}
		{1D821A5C-3810-4EE7-A31C-A41A7C9F3949} = {14025D29-BE3F-4933-B84A-D4C6004B6924}
		{FCC765E7-E114-4196-98F7-FF99AD402604} = {14025D29-BE3F-4933-B84A-D4C6004B6924}
	EndGlobalSection
	GlobalSection(ExtensibilityGlobals) = postSolution
		SolutionGuid = {CFA8D107-0B11-44A2-A0C2-DB187DC30562}
	EndGlobalSection
EndGlobal
